
Microsoft Visual Studio Solution File, Format Version 12.00
# Visual Studio 15
VisualStudioVersion = 15.0.27130.2010
MinimumVisualStudioVersion = 10.0.40219.1
Project("{FAE04EC0-301F-11D3-BF4B-00C04F79EFBC}") = "GDItemSearch", "GDItemSearch\GDItemSearch.csproj", "{8D53CD2D-5B88-42BA-B3C0-F8A7312D0392}"
EndProject
Project("{9A19103F-16F7-4668-BE54-9A1E7A4F7556}") = "GDItemSearch.FileUtils", "GDItemSearchUtil\GDItemSearch.FileUtils.csproj", "{6AA783AE-C669-48BD-923A-BD852116FCFE}"
EndProject
Project("{FAE04EC0-301F-11D3-BF4B-00C04F79EFBC}") = "GDItemSearchTest", "GDItemSearchTest\GDItemSearchTest.csproj", "{960F7930-7790-45C7-BE38-C53CD9A05D85}"
EndProject
Global
	GlobalSection(SolutionConfigurationPlatforms) = preSolution
		Debug|Any CPU = Debug|Any CPU
		Release|Any CPU = Release|Any CPU
	EndGlobalSection
	GlobalSection(ProjectConfigurationPlatforms) = postSolution
		{8D53CD2D-5B88-42BA-B3C0-F8A7312D0392}.Debug|Any CPU.ActiveCfg = Debug|Any CPU
		{8D53CD2D-5B88-42BA-B3C0-F8A7312D0392}.Debug|Any CPU.Build.0 = Debug|Any CPU
		{8D53CD2D-5B88-42BA-B3C0-F8A7312D0392}.Release|Any CPU.ActiveCfg = Release|Any CPU
		{8D53CD2D-5B88-42BA-B3C0-F8A7312D0392}.Release|Any CPU.Build.0 = Release|Any CPU
		{6AA783AE-C669-48BD-923A-BD852116FCFE}.Debug|Any CPU.ActiveCfg = Debug|Any CPU
		{6AA783AE-C669-48BD-923A-BD852116FCFE}.Debug|Any CPU.Build.0 = Debug|Any CPU
		{6AA783AE-C669-48BD-923A-BD852116FCFE}.Release|Any CPU.ActiveCfg = Release|Any CPU
		{6AA783AE-C669-48BD-923A-BD852116FCFE}.Release|Any CPU.Build.0 = Release|Any CPU
		{960F7930-7790-45C7-BE38-C53CD9A05D85}.Debug|Any CPU.ActiveCfg = Debug|Any CPU
		{960F7930-7790-45C7-BE38-C53CD9A05D85}.Debug|Any CPU.Build.0 = Debug|Any CPU
		{960F7930-7790-45C7-BE38-C53CD9A05D85}.Release|Any CPU.ActiveCfg = Release|Any CPU
		{960F7930-7790-45C7-BE38-C53CD9A05D85}.Release|Any CPU.Build.0 = Release|Any CPU
	EndGlobalSection
	GlobalSection(SolutionProperties) = preSolution
		HideSolutionNode = FALSE
	EndGlobalSection
	GlobalSection(ExtensibilityGlobals) = postSolution
		SolutionGuid = {0F8DC0EA-6A07-41F7-B2D9-8A0E029567A2}
	EndGlobalSection
EndGlobal
